
Microsoft Visual Studio Solution File, Format Version 12.00
# Visual Studio Version 17
VisualStudioVersion = 17.6.33815.320
MinimumVisualStudioVersion = 10.0.40219.1
Project("{9A19103F-16F7-4668-BE54-9A1E7A4F7556}") = "Tetris", "Tetris\Tetris.csproj", "{C1B6B2EF-589E-4DB5-B557-2E0554815165}"
EndProject
Global
	GlobalSection(SolutionConfigurationPlatforms) = preSolution
		Debug|Any CPU = Debug|Any CPU
		Release|Any CPU = Release|Any CPU
	EndGlobalSection
	GlobalSection(ProjectConfigurationPlatforms) = postSolution
		{C1B6B2EF-589E-4DB5-B557-2E0554815165}.Debug|Any CPU.ActiveCfg = Debug|Any CPU
		{C1B6B2EF-589E-4DB5-B557-2E0554815165}.Debug|Any CPU.Build.0 = Debug|Any CPU
		{C1B6B2EF-589E-4DB5-B557-2E0554815165}.Release|Any CPU.ActiveCfg = Release|Any CPU
		{C1B6B2EF-589E-4DB5-B557-2E0554815165}.Release|Any CPU.Build.0 = Release|Any CPU
	EndGlobalSection
	GlobalSection(SolutionProperties) = preSolution
		HideSolutionNode = FALSE
	EndGlobalSection
	GlobalSection(ExtensibilityGlobals) = postSolution
		SolutionGuid = {1300708C-B111-4967-8999-ABD472B1377E}
	EndGlobalSection
EndGlobal
